
Microsoft Visual Studio Solution File, Format Version 12.00
# Visual Studio Version 16
VisualStudioVersion = 16.0.29609.76
MinimumVisualStudioVersion = 10.0.40219.1
Project("{FAE04EC0-301F-11D3-BF4B-00C04F79EFBC}") = "fire_impact.Android", "fire_impact.Android\fire_impact.Android.csproj", "{864F9056-C3B1-43E5-9E9F-59E6C8E56602}"
EndProject
Project("{FAE04EC0-301F-11D3-BF4B-00C04F79EFBC}") = "fire_impact.iOS", "fire_impact.iOS\fire_impact.iOS.csproj", "{6638CD99-911C-4AF3-9284-957B0A33A6DF}"
EndProject
Project("{9A19103F-16F7-4668-BE54-9A1E7A4F7556}") = "fire_impact", "fire_impact\fire_impact.csproj", "{62F630EA-5FC1-482C-BE93-7DEA36AD40DA}"
EndProject
Global
	GlobalSection(SolutionConfigurationPlatforms) = preSolution
		Debug|Any CPU = Debug|Any CPU
		Debug|iPhone = Debug|iPhone
		Debug|iPhoneSimulator = Debug|iPhoneSimulator
		Release|Any CPU = Release|Any CPU
		Release|iPhone = Release|iPhone
		Release|iPhoneSimulator = Release|iPhoneSimulator
	EndGlobalSection
	GlobalSection(ProjectConfigurationPlatforms) = postSolution
		{864F9056-C3B1-43E5-9E9F-59E6C8E56602}.Debug|Any CPU.ActiveCfg = Debug|Any CPU
		{864F9056-C3B1-43E5-9E9F-59E6C8E56602}.Debug|Any CPU.Build.0 = Debug|Any CPU
		{864F9056-C3B1-43E5-9E9F-59E6C8E56602}.Debug|Any CPU.Deploy.0 = Debug|Any CPU
		{864F9056-C3B1-43E5-9E9F-59E6C8E56602}.Debug|iPhone.ActiveCfg = Debug|Any CPU
		{864F9056-C3B1-43E5-9E9F-59E6C8E56602}.Debug|iPhone.Build.0 = Debug|Any CPU
		{864F9056-C3B1-43E5-9E9F-59E6C8E56602}.Debug|iPhone.Deploy.0 = Debug|Any CPU
		{864F9056-C3B1-43E5-9E9F-59E6C8E56602}.Debug|iPhoneSimulator.ActiveCfg = Debug|Any CPU
		{864F9056-C3B1-43E5-9E9F-59E6C8E56602}.Debug|iPhoneSimulator.Build.0 = Debug|Any CPU
		{864F9056-C3B1-43E5-9E9F-59E6C8E56602}.Debug|iPhoneSimulator.Deploy.0 = Debug|Any CPU
		{864F9056-C3B1-43E5-9E9F-59E6C8E56602}.Release|Any CPU.ActiveCfg = Release|Any CPU
		{864F9056-C3B1-43E5-9E9F-59E6C8E56602}.Release|Any CPU.Build.0 = Release|Any CPU
		{864F9056-C3B1-43E5-9E9F-59E6C8E56602}.Release|Any CPU.Deploy.0 = Release|Any CPU
		{864F9056-C3B1-43E5-9E9F-59E6C8E56602}.Release|iPhone.ActiveCfg = Release|Any CPU
		{864F9056-C3B1-43E5-9E9F-59E6C8E56602}.Release|iPhone.Build.0 = Release|Any CPU
		{864F9056-C3B1-43E5-9E9F-59E6C8E56602}.Release|iPhone.Deploy.0 = Release|Any CPU
		{864F9056-C3B1-43E5-9E9F-59E6C8E56602}.Release|iPhoneSimulator.ActiveCfg = Release|Any CPU
		{864F9056-C3B1-43E5-9E9F-59E6C8E56602}.Release|iPhoneSimulator.Build.0 = Release|Any CPU
		{864F9056-C3B1-43E5-9E9F-59E6C8E56602}.Release|iPhoneSimulator.Deploy.0 = Release|Any CPU
		{6638CD99-911C-4AF3-9284-957B0A33A6DF}.Debug|Any CPU.ActiveCfg = Debug|iPhoneSimulator
		{6638CD99-911C-4AF3-9284-957B0A33A6DF}.Debug|Any CPU.Build.0 = Debug|iPhoneSimulator
		{6638CD99-911C-4AF3-9284-957B0A33A6DF}.Debug|Any CPU.Deploy.0 = Debug|iPhoneSimulator
		{6638CD99-911C-4AF3-9284-957B0A33A6DF}.Debug|iPhone.ActiveCfg = Debug|iPhone
		{6638CD99-911C-4AF3-9284-957B0A33A6DF}.Debug|iPhone.Build.0 = Debug|iPhone
		{6638CD99-911C-4AF3-9284-957B0A33A6DF}.Debug|iPhone.Deploy.0 = Debug|iPhone
		{6638CD99-911C-4AF3-9284-957B0A33A6DF}.Debug|iPhoneSimulator.ActiveCfg = Debug|iPhoneSimulator
		{6638CD99-911C-4AF3-9284-957B0A33A6DF}.Debug|iPhoneSimulator.Build.0 = Debug|iPhoneSimulator
		{6638CD99-911C-4AF3-9284-957B0A33A6DF}.Debug|iPhoneSimulator.Deploy.0 = Debug|iPhoneSimulator
		{6638CD99-911C-4AF3-9284-957B0A33A6DF}.Release|Any CPU.ActiveCfg = Release|iPhone
		{6638CD99-911C-4AF3-9284-957B0A33A6DF}.Release|Any CPU.Build.0 = Release|iPhone
		{6638CD99-911C-4AF3-9284-957B0A33A6DF}.Release|Any CPU.Deploy.0 = Release|iPhone
		{6638CD99-911C-4AF3-9284-957B0A33A6DF}.Release|iPhone.ActiveCfg = Release|iPhone
		{6638CD99-911C-4AF3-9284-957B0A33A6DF}.Release|iPhone.Build.0 = Release|iPhone
		{6638CD99-911C-4AF3-9284-957B0A33A6DF}.Release|iPhone.Deploy.0 = Release|iPhone
		{6638CD99-911C-4AF3-9284-957B0A33A6DF}.Release|iPhoneSimulator.ActiveCfg = Release|iPhoneSimulator
		{6638CD99-911C-4AF3-9284-957B0A33A6DF}.Release|iPhoneSimulator.Build.0 = Release|iPhoneSimulator
		{6638CD99-911C-4AF3-9284-957B0A33A6DF}.Release|iPhoneSimulator.Deploy.0 = Release|iPhoneSimulator
		{62F630EA-5FC1-482C-BE93-7DEA36AD40DA}.Debug|Any CPU.ActiveCfg = Debug|Any CPU
		{62F630EA-5FC1-482C-BE93-7DEA36AD40DA}.Debug|Any CPU.Build.0 = Debug|Any CPU
		{62F630EA-5FC1-482C-BE93-7DEA36AD40DA}.Debug|Any CPU.Deploy.0 = Debug|Any CPU
		{62F630EA-5FC1-482C-BE93-7DEA36AD40DA}.Debug|iPhone.ActiveCfg = Debug|Any CPU
		{62F630EA-5FC1-482C-BE93-7DEA36AD40DA}.Debug|iPhone.Build.0 = Debug|Any CPU
		{62F630EA-5FC1-482C-BE93-7DEA36AD40DA}.Debug|iPhone.Deploy.0 = Debug|Any CPU
		{62F630EA-5FC1-482C-BE93-7DEA36AD40DA}.Debug|iPhoneSimulator.ActiveCfg = Debug|Any CPU
		{62F630EA-5FC1-482C-BE93-7DEA36AD40DA}.Debug|iPhoneSimulator.Build.0 = Debug|Any CPU
		{62F630EA-5FC1-482C-BE93-7DEA36AD40DA}.Debug|iPhoneSimulator.Deploy.0 = Debug|Any CPU
		{62F630EA-5FC1-482C-BE93-7DEA36AD40DA}.Release|Any CPU.ActiveCfg = Release|Any CPU
		{62F630EA-5FC1-482C-BE93-7DEA36AD40DA}.Release|Any CPU.Build.0 = Release|Any CPU
		{62F630EA-5FC1-482C-BE93-7DEA36AD40DA}.Release|Any CPU.Deploy.0 = Release|Any CPU
		{62F630EA-5FC1-482C-BE93-7DEA36AD40DA}.Release|iPhone.ActiveCfg = Release|Any CPU
		{62F630EA-5FC1-482C-BE93-7DEA36AD40DA}.Release|iPhone.Build.0 = Release|Any CPU
		{62F630EA-5FC1-482C-BE93-7DEA36AD40DA}.Release|iPhone.Deploy.0 = Release|Any CPU
		{62F630EA-5FC1-482C-BE93-7DEA36AD40DA}.Release|iPhoneSimulator.ActiveCfg = Release|Any CPU
		{62F630EA-5FC1-482C-BE93-7DEA36AD40DA}.Release|iPhoneSimulator.Build.0 = Release|Any CPU
		{62F630EA-5FC1-482C-BE93-7DEA36AD40DA}.Release|iPhoneSimulator.Deploy.0 = Release|Any CPU
	EndGlobalSection
	GlobalSection(SolutionProperties) = preSolution
		HideSolutionNode = FALSE
	EndGlobalSection
	GlobalSection(ExtensibilityGlobals) = postSolution
		SolutionGuid = {E4B2D450-2208-4F65-8FA3-4B26527734AE}
	EndGlobalSection
EndGlobal
